
Microsoft Visual Studio Solution File, Format Version 12.00
# Visual Studio Version 17
VisualStudioVersion = 17.3.32901.215
MinimumVisualStudioVersion = 10.0.40219.1
Project("{9A19103F-16F7-4668-BE54-9A1E7A4F7556}") = "QualityAnalyzer.Test", "QualityAnalyzer.Test\QualityAnalyzer.Test.csproj", "{F84A0B14-D99D-41AF-B30F-94D201B72DE6}"
EndProject
Project("{9A19103F-16F7-4668-BE54-9A1E7A4F7556}") = "QualityAnalyzer.Model", "QualityAnalyzer.Model\QualityAnalyzer.Model.csproj", "{F8977F36-7615-4B9D-A988-4160718B3E40}"
EndProject
Project("{9A19103F-16F7-4668-BE54-9A1E7A4F7556}") = "Log", "Log\Log.csproj", "{F47B5D45-CB61-4F9A-AE18-0D9CDBF1A9C2}"
EndProject
Project("{9A19103F-16F7-4668-BE54-9A1E7A4F7556}") = "Utilities", "Utilities\Utilities.csproj", "{9C82B5D6-DD4B-4B75-AC77-0918836C424E}"
EndProject
Project("{FAE04EC0-301F-11D3-BF4B-00C04F79EFBC}") = "QualityAnalyzer", "QualityAnalyzer\QualityAnalyzer.csproj", "{27BD3981-2A40-4D7C-A36A-9901486539BF}"
EndProject
Global
	GlobalSection(SolutionConfigurationPlatforms) = preSolution
		Debug|Any CPU = Debug|Any CPU
		Release|Any CPU = Release|Any CPU
	EndGlobalSection
	GlobalSection(ProjectConfigurationPlatforms) = postSolution
		{F84A0B14-D99D-41AF-B30F-94D201B72DE6}.Debug|Any CPU.ActiveCfg = Debug|Any CPU
		{F84A0B14-D99D-41AF-B30F-94D201B72DE6}.Debug|Any CPU.Build.0 = Debug|Any CPU
		{F84A0B14-D99D-41AF-B30F-94D201B72DE6}.Release|Any CPU.ActiveCfg = Release|Any CPU
		{F84A0B14-D99D-41AF-B30F-94D201B72DE6}.Release|Any CPU.Build.0 = Release|Any CPU
		{F8977F36-7615-4B9D-A988-4160718B3E40}.Debug|Any CPU.ActiveCfg = Debug|Any CPU
		{F8977F36-7615-4B9D-A988-4160718B3E40}.Debug|Any CPU.Build.0 = Debug|Any CPU
		{F8977F36-7615-4B9D-A988-4160718B3E40}.Release|Any CPU.ActiveCfg = Release|Any CPU
		{F8977F36-7615-4B9D-A988-4160718B3E40}.Release|Any CPU.Build.0 = Release|Any CPU
		{F47B5D45-CB61-4F9A-AE18-0D9CDBF1A9C2}.Debug|Any CPU.ActiveCfg = Debug|Any CPU
		{F47B5D45-CB61-4F9A-AE18-0D9CDBF1A9C2}.Debug|Any CPU.Build.0 = Debug|Any CPU
		{F47B5D45-CB61-4F9A-AE18-0D9CDBF1A9C2}.Release|Any CPU.ActiveCfg = Release|Any CPU
		{F47B5D45-CB61-4F9A-AE18-0D9CDBF1A9C2}.Release|Any CPU.Build.0 = Release|Any CPU
		{9C82B5D6-DD4B-4B75-AC77-0918836C424E}.Debug|Any CPU.ActiveCfg = Debug|Any CPU
		{9C82B5D6-DD4B-4B75-AC77-0918836C424E}.Debug|Any CPU.Build.0 = Debug|Any CPU
		{9C82B5D6-DD4B-4B75-AC77-0918836C424E}.Release|Any CPU.ActiveCfg = Release|Any CPU
		{9C82B5D6-DD4B-4B75-AC77-0918836C424E}.Release|Any CPU.Build.0 = Release|Any CPU
		{27BD3981-2A40-4D7C-A36A-9901486539BF}.Debug|Any CPU.ActiveCfg = Debug|Any CPU
		{27BD3981-2A40-4D7C-A36A-9901486539BF}.Debug|Any CPU.Build.0 = Debug|Any CPU
		{27BD3981-2A40-4D7C-A36A-9901486539BF}.Release|Any CPU.ActiveCfg = Release|Any CPU
		{27BD3981-2A40-4D7C-A36A-9901486539BF}.Release|Any CPU.Build.0 = Release|Any CPU
	EndGlobalSection
	GlobalSection(SolutionProperties) = preSolution
		HideSolutionNode = FALSE
	EndGlobalSection
	GlobalSection(ExtensibilityGlobals) = postSolution
		SolutionGuid = {8C604C66-AA01-4291-A3E4-FD56AA3CBB94}
	EndGlobalSection
EndGlobal
